// !$*UTF8*$!
{
	archiveVersion = 1;
	classes = {
	};
	objectVersion = 46;
	objects = {

/* Begin PBXBuildFile section */
		3B1B937E1AA5110100B2B1A0 /* main.m in Sources */ = {isa = PBXBuildFile; fileRef = 3B1B937D1AA5110100B2B1A0 /* main.m */; };
		3B1B93811AA5110100B2B1A0 /* AppDelegate.m in Sources */ = {isa = PBXBuildFile; fileRef = 3B1B93801AA5110100B2B1A0 /* AppDelegate.m */; };
		3B1B93841AA5110100B2B1A0 /* ViewController.m in Sources */ = {isa = PBXBuildFile; fileRef = 3B1B93831AA5110100B2B1A0 /* ViewController.m */; };
		3B1B93871AA5110100B2B1A0 /* Main.storyboard in Resources */ = {isa = PBXBuildFile; fileRef = 3B1B93851AA5110100B2B1A0 /* Main.storyboard */; };
		3B1B93891AA5110100B2B1A0 /* Images.xcassets in Resources */ = {isa = PBXBuildFile; fileRef = 3B1B93881AA5110100B2B1A0 /* Images.xcassets */; };
		3B1B938C1AA5110100B2B1A0 /* LaunchScreen.xib in Resources */ = {isa = PBXBuildFile; fileRef = 3B1B938A1AA5110100B2B1A0 /* LaunchScreen.xib */; };
		3B1B93981AA5110100B2B1A0 /* AlignTests.m in Sources */ = {isa = PBXBuildFile; fileRef = 3B1B93971AA5110100B2B1A0 /* AlignTests.m */; };
		3B1B93A61AA51B8C00B2B1A0 /* ContactTableViewCell.m in Sources */ = {isa = PBXBuildFile; fileRef = 3B1B93A51AA51B8C00B2B1A0 /* ContactTableViewCell.m */; };
		3B1B93A91AA5214100B2B1A0 /* Contact.m in Sources */ = {isa = PBXBuildFile; fileRef = 3B1B93A81AA5214100B2B1A0 /* Contact.m */; };
		3BBE57B41AACDE0B00A367F1 /* EmptySegue.m in Sources */ = {isa = PBXBuildFile; fileRef = 3BBE57B31AACDE0B00A367F1 /* EmptySegue.m */; };
		3BBE57B71AACDF0800A367F1 /* ContainerViewController.m in Sources */ = {isa = PBXBuildFile; fileRef = 3BBE57B61AACDF0800A367F1 /* ContainerViewController.m */; };
		3BBE57BA1AACE46000A367F1 /* AllContactsTableViewController.m in Sources */ = {isa = PBXBuildFile; fileRef = 3BBE57B91AACE46000A367F1 /* AllContactsTableViewController.m */; };
		3BBE57BD1AACE67100A367F1 /* MainViewController.m in Sources */ = {isa = PBXBuildFile; fileRef = 3BBE57BC1AACE67100A367F1 /* MainViewController.m */; };
/* End PBXBuildFile section */

/* Begin PBXContainerItemProxy section */
		3B1B93921AA5110100B2B1A0 /* PBXContainerItemProxy */ = {
			isa = PBXContainerItemProxy;
			containerPortal = 3B1B93701AA5110100B2B1A0 /* Project object */;
			proxyType = 1;
			remoteGlobalIDString = 3B1B93771AA5110100B2B1A0;
			remoteInfo = Align;
		};
/* End PBXContainerItemProxy section */

/* Begin PBXFileReference section */
		3B1B93781AA5110100B2B1A0 /* Align.app */ = {isa = PBXFileReference; explicitFileType = wrapper.application; includeInIndex = 0; path = Align.app; sourceTree = BUILT_PRODUCTS_DIR; };
		3B1B937C1AA5110100B2B1A0 /* Info.plist */ = {isa = PBXFileReference; lastKnownFileType = text.plist.xml; path = Info.plist; sourceTree = "<group>"; };
		3B1B937D1AA5110100B2B1A0 /* main.m */ = {isa = PBXFileReference; lastKnownFileType = sourcecode.c.objc; path = main.m; sourceTree = "<group>"; };
		3B1B937F1AA5110100B2B1A0 /* AppDelegate.h */ = {isa = PBXFileReference; lastKnownFileType = sourcecode.c.h; path = AppDelegate.h; sourceTree = "<group>"; };
		3B1B93801AA5110100B2B1A0 /* AppDelegate.m */ = {isa = PBXFileReference; lastKnownFileType = sourcecode.c.objc; path = AppDelegate.m; sourceTree = "<group>"; };
		3B1B93821AA5110100B2B1A0 /* ViewController.h */ = {isa = PBXFileReference; lastKnownFileType = sourcecode.c.h; path = ViewController.h; sourceTree = "<group>"; };
		3B1B93831AA5110100B2B1A0 /* ViewController.m */ = {isa = PBXFileReference; lastKnownFileType = sourcecode.c.objc; path = ViewController.m; sourceTree = "<group>"; };
		3B1B93861AA5110100B2B1A0 /* Base */ = {isa = PBXFileReference; lastKnownFileType = file.storyboard; name = Base; path = Base.lproj/Main.storyboard; sourceTree = "<group>"; };
		3B1B93881AA5110100B2B1A0 /* Images.xcassets */ = {isa = PBXFileReference; lastKnownFileType = folder.assetcatalog; path = Images.xcassets; sourceTree = "<group>"; };
		3B1B938B1AA5110100B2B1A0 /* Base */ = {isa = PBXFileReference; lastKnownFileType = file.xib; name = Base; path = Base.lproj/LaunchScreen.xib; sourceTree = "<group>"; };
		3B1B93911AA5110100B2B1A0 /* AlignTests.xctest */ = {isa = PBXFileReference; explicitFileType = wrapper.cfbundle; includeInIndex = 0; path = AlignTests.xctest; sourceTree = BUILT_PRODUCTS_DIR; };
		3B1B93961AA5110100B2B1A0 /* Info.plist */ = {isa = PBXFileReference; lastKnownFileType = text.plist.xml; path = Info.plist; sourceTree = "<group>"; };
		3B1B93971AA5110100B2B1A0 /* AlignTests.m */ = {isa = PBXFileReference; lastKnownFileType = sourcecode.c.objc; path = AlignTests.m; sourceTree = "<group>"; };
		3B1B93A41AA51B8C00B2B1A0 /* ContactTableViewCell.h */ = {isa = PBXFileReference; fileEncoding = 4; lastKnownFileType = sourcecode.c.h; path = ContactTableViewCell.h; sourceTree = "<group>"; };
		3B1B93A51AA51B8C00B2B1A0 /* ContactTableViewCell.m */ = {isa = PBXFileReference; fileEncoding = 4; lastKnownFileType = sourcecode.c.objc; path = ContactTableViewCell.m; sourceTree = "<group>"; };
		3B1B93A71AA5214100B2B1A0 /* Contact.h */ = {isa = PBXFileReference; fileEncoding = 4; lastKnownFileType = sourcecode.c.h; path = Contact.h; sourceTree = "<group>"; };
		3B1B93A81AA5214100B2B1A0 /* Contact.m */ = {isa = PBXFileReference; fileEncoding = 4; lastKnownFileType = sourcecode.c.objc; path = Contact.m; sourceTree = "<group>"; };
		3BBE57B21AACDE0B00A367F1 /* EmptySegue.h */ = {isa = PBXFileReference; fileEncoding = 4; lastKnownFileType = sourcecode.c.h; path = EmptySegue.h; sourceTree = "<group>"; };
		3BBE57B31AACDE0B00A367F1 /* EmptySegue.m */ = {isa = PBXFileReference; fileEncoding = 4; lastKnownFileType = sourcecode.c.objc; path = EmptySegue.m; sourceTree = "<group>"; };
		3BBE57B51AACDF0800A367F1 /* ContainerViewController.h */ = {isa = PBXFileReference; fileEncoding = 4; lastKnownFileType = sourcecode.c.h; path = ContainerViewController.h; sourceTree = "<group>"; };
		3BBE57B61AACDF0800A367F1 /* ContainerViewController.m */ = {isa = PBXFileReference; fileEncoding = 4; lastKnownFileType = sourcecode.c.objc; path = ContainerViewController.m; sourceTree = "<group>"; };
		3BBE57B81AACE46000A367F1 /* AllContactsTableViewController.h */ = {isa = PBXFileReference; fileEncoding = 4; lastKnownFileType = sourcecode.c.h; path = AllContactsTableViewController.h; sourceTree = "<group>"; };
		3BBE57B91AACE46000A367F1 /* AllContactsTableViewController.m */ = {isa = PBXFileReference; fileEncoding = 4; lastKnownFileType = sourcecode.c.objc; path = AllContactsTableViewController.m; sourceTree = "<group>"; };
		3BBE57BB1AACE67100A367F1 /* MainViewController.h */ = {isa = PBXFileReference; fileEncoding = 4; lastKnownFileType = sourcecode.c.h; path = MainViewController.h; sourceTree = "<group>"; };
		3BBE57BC1AACE67100A367F1 /* MainViewController.m */ = {isa = PBXFileReference; fileEncoding = 4; lastKnownFileType = sourcecode.c.objc; path = MainViewController.m; sourceTree = "<group>"; };
/* End PBXFileReference section */

/* Begin PBXFrameworksBuildPhase section */
		3B1B93751AA5110100B2B1A0 /* Frameworks */ = {
			isa = PBXFrameworksBuildPhase;
			buildActionMask = 2147483647;
			files = (
			);
			runOnlyForDeploymentPostprocessing = 0;
		};
		3B1B938E1AA5110100B2B1A0 /* Frameworks */ = {
			isa = PBXFrameworksBuildPhase;
			buildActionMask = 2147483647;
			files = (
			);
			runOnlyForDeploymentPostprocessing = 0;
		};
/* End PBXFrameworksBuildPhase section */

/* Begin PBXGroup section */
		3B1B936F1AA5110100B2B1A0 = {
			isa = PBXGroup;
			children = (
				3B1B937A1AA5110100B2B1A0 /* Align */,
				3B1B93941AA5110100B2B1A0 /* AlignTests */,
				3B1B93791AA5110100B2B1A0 /* Products */,
			);
			sourceTree = "<group>";
		};
		3B1B93791AA5110100B2B1A0 /* Products */ = {
			isa = PBXGroup;
			children = (
				3B1B93781AA5110100B2B1A0 /* Align.app */,
				3B1B93911AA5110100B2B1A0 /* AlignTests.xctest */,
			);
			name = Products;
			sourceTree = "<group>";
		};
		3B1B937A1AA5110100B2B1A0 /* Align */ = {
			isa = PBXGroup;
			children = (
				3BBE57B21AACDE0B00A367F1 /* EmptySegue.h */,
				3BBE57B31AACDE0B00A367F1 /* EmptySegue.m */,
				3B1B937F1AA5110100B2B1A0 /* AppDelegate.h */,
				3B1B93801AA5110100B2B1A0 /* AppDelegate.m */,
				3B1B93821AA5110100B2B1A0 /* ViewController.h */,
				3B1B93831AA5110100B2B1A0 /* ViewController.m */,
				3B1B93A71AA5214100B2B1A0 /* Contact.h */,
				3B1B93A81AA5214100B2B1A0 /* Contact.m */,
				3B1B93A41AA51B8C00B2B1A0 /* ContactTableViewCell.h */,
				3B1B93A51AA51B8C00B2B1A0 /* ContactTableViewCell.m */,
				3B1B93851AA5110100B2B1A0 /* Main.storyboard */,
				3BBE57BB1AACE67100A367F1 /* MainViewController.h */,
				3BBE57BC1AACE67100A367F1 /* MainViewController.m */,
				3BBE57B81AACE46000A367F1 /* AllContactsTableViewController.h */,
				3BBE57B91AACE46000A367F1 /* AllContactsTableViewController.m */,
				3BBE57B51AACDF0800A367F1 /* ContainerViewController.h */,
				3BBE57B61AACDF0800A367F1 /* ContainerViewController.m */,
				3B1B93881AA5110100B2B1A0 /* Images.xcassets */,
				3B1B938A1AA5110100B2B1A0 /* LaunchScreen.xib */,
				3B1B937B1AA5110100B2B1A0 /* Supporting Files */,
			);
			path = Align;
			sourceTree = "<group>";
		};
		3B1B937B1AA5110100B2B1A0 /* Supporting Files */ = {
			isa = PBXGroup;
			children = (
				3B1B937C1AA5110100B2B1A0 /* Info.plist */,
				3B1B937D1AA5110100B2B1A0 /* main.m */,
			);
			name = "Supporting Files";
			sourceTree = "<group>";
		};
		3B1B93941AA5110100B2B1A0 /* AlignTests */ = {
			isa = PBXGroup;
			children = (
				3B1B93971AA5110100B2B1A0 /* AlignTests.m */,
				3B1B93951AA5110100B2B1A0 /* Supporting Files */,
			);
			path = AlignTests;
			sourceTree = "<group>";
		};
		3B1B93951AA5110100B2B1A0 /* Supporting Files */ = {
			isa = PBXGroup;
			children = (
				3B1B93961AA5110100B2B1A0 /* Info.plist */,
			);
			name = "Supporting Files";
			sourceTree = "<group>";
		};
/* End PBXGroup section */

/* Begin PBXNativeTarget section */
		3B1B93771AA5110100B2B1A0 /* Align */ = {
			isa = PBXNativeTarget;
			buildConfigurationList = 3B1B939B1AA5110100B2B1A0 /* Build configuration list for PBXNativeTarget "Align" */;
			buildPhases = (
				3B1B93741AA5110100B2B1A0 /* Sources */,
				3B1B93751AA5110100B2B1A0 /* Frameworks */,
				3B1B93761AA5110100B2B1A0 /* Resources */,
			);
			buildRules = (
			);
			dependencies = (
			);
			name = Align;
			productName = Align;
			productReference = 3B1B93781AA5110100B2B1A0 /* Align.app */;
			productType = "com.apple.product-type.application";
		};
		3B1B93901AA5110100B2B1A0 /* AlignTests */ = {
			isa = PBXNativeTarget;
			buildConfigurationList = 3B1B939E1AA5110100B2B1A0 /* Build configuration list for PBXNativeTarget "AlignTests" */;
			buildPhases = (
				3B1B938D1AA5110100B2B1A0 /* Sources */,
				3B1B938E1AA5110100B2B1A0 /* Frameworks */,
				3B1B938F1AA5110100B2B1A0 /* Resources */,
			);
			buildRules = (
			);
			dependencies = (
				3B1B93931AA5110100B2B1A0 /* PBXTargetDependency */,
			);
			name = AlignTests;
			productName = AlignTests;
			productReference = 3B1B93911AA5110100B2B1A0 /* AlignTests.xctest */;
			productType = "com.apple.product-type.bundle.unit-test";
		};
/* End PBXNativeTarget section */

/* Begin PBXProject section */
		3B1B93701AA5110100B2B1A0 /* Project object */ = {
			isa = PBXProject;
			attributes = {
				LastUpgradeCheck = 0610;
				ORGANIZATIONNAME = helenwang;
				TargetAttributes = {
					3B1B93771AA5110100B2B1A0 = {
						CreatedOnToolsVersion = 6.1.1;
					};
					3B1B93901AA5110100B2B1A0 = {
						CreatedOnToolsVersion = 6.1.1;
						TestTargetID = 3B1B93771AA5110100B2B1A0;
					};
				};
			};
			buildConfigurationList = 3B1B93731AA5110100B2B1A0 /* Build configuration list for PBXProject "Align" */;
			compatibilityVersion = "Xcode 3.2";
			developmentRegion = English;
			hasScannedForEncodings = 0;
			knownRegions = (
				en,
				Base,
			);
			mainGroup = 3B1B936F1AA5110100B2B1A0;
			productRefGroup = 3B1B93791AA5110100B2B1A0 /* Products */;
			projectDirPath = "";
			projectRoot = "";
			targets = (
				3B1B93771AA5110100B2B1A0 /* Align */,
				3B1B93901AA5110100B2B1A0 /* AlignTests */,
			);
		};
/* End PBXProject section */

/* Begin PBXResourcesBuildPhase section */
		3B1B93761AA5110100B2B1A0 /* Resources */ = {
			isa = PBXResourcesBuildPhase;
			buildActionMask = 2147483647;
			files = (
				3B1B93871AA5110100B2B1A0 /* Main.storyboard in Resources */,
				3B1B938C1AA5110100B2B1A0 /* LaunchScreen.xib in Resources */,
				3B1B93891AA5110100B2B1A0 /* Images.xcassets in Resources */,
			);
			runOnlyForDeploymentPostprocessing = 0;
		};
		3B1B938F1AA5110100B2B1A0 /* Resources */ = {
			isa = PBXResourcesBuildPhase;
			buildActionMask = 2147483647;
			files = (
			);
			runOnlyForDeploymentPostprocessing = 0;
		};
/* End PBXResourcesBuildPhase section */

/* Begin PBXSourcesBuildPhase section */
		3B1B93741AA5110100B2B1A0 /* Sources */ = {
			isa = PBXSourcesBuildPhase;
			buildActionMask = 2147483647;
			files = (
				3B1B93A61AA51B8C00B2B1A0 /* ContactTableViewCell.m in Sources */,
				3B1B93841AA5110100B2B1A0 /* ViewController.m in Sources */,
				3BBE57B71AACDF0800A367F1 /* ContainerViewController.m in Sources */,
				3B1B93A91AA5214100B2B1A0 /* Contact.m in Sources */,
				3BBE57BD1AACE67100A367F1 /* MainViewController.m in Sources */,
				3BBE57BA1AACE46000A367F1 /* AllContactsTableViewController.m in Sources */,
				3BBE57B41AACDE0B00A367F1 /* EmptySegue.m in Sources */,
				3B1B93811AA5110100B2B1A0 /* AppDelegate.m in Sources */,
				3B1B937E1AA5110100B2B1A0 /* main.m in Sources */,
			);
			runOnlyForDeploymentPostprocessing = 0;
		};
		3B1B938D1AA5110100B2B1A0 /* Sources */ = {
			isa = PBXSourcesBuildPhase;
			buildActionMask = 2147483647;
			files = (
				3B1B93981AA5110100B2B1A0 /* AlignTests.m in Sources */,
			);
			runOnlyForDeploymentPostprocessing = 0;
		};
/* End PBXSourcesBuildPhase section */

/* Begin PBXTargetDependency section */
		3B1B93931AA5110100B2B1A0 /* PBXTargetDependency */ = {
			isa = PBXTargetDependency;
			target = 3B1B93771AA5110100B2B1A0 /* Align */;
			targetProxy = 3B1B93921AA5110100B2B1A0 /* PBXContainerItemProxy */;
		};
/* End PBXTargetDependency section */

/* Begin PBXVariantGroup section */
		3B1B93851AA5110100B2B1A0 /* Main.storyboard */ = {
			isa = PBXVariantGroup;
			children = (
				3B1B93861AA5110100B2B1A0 /* Base */,
			);
			name = Main.storyboard;
			sourceTree = "<group>";
		};
		3B1B938A1AA5110100B2B1A0 /* LaunchScreen.xib */ = {
			isa = PBXVariantGroup;
			children = (
				3B1B938B1AA5110100B2B1A0 /* Base */,
			);
			name = LaunchScreen.xib;
			sourceTree = "<group>";
		};
/* End PBXVariantGroup section */

/* Begin XCBuildConfiguration section */
		3B1B93991AA5110100B2B1A0 /* Debug */ = {
			isa = XCBuildConfiguration;
			buildSettings = {
				ALWAYS_SEARCH_USER_PATHS = NO;
				CLANG_CXX_LANGUAGE_STANDARD = "gnu++0x";
				CLANG_CXX_LIBRARY = "libc++";
				CLANG_ENABLE_MODULES = YES;
				CLANG_ENABLE_OBJC_ARC = YES;
				CLANG_WARN_BOOL_CONVERSION = YES;
				CLANG_WARN_CONSTANT_CONVERSION = YES;
				CLANG_WARN_DIRECT_OBJC_ISA_USAGE = YES_ERROR;
				CLANG_WARN_EMPTY_BODY = YES;
				CLANG_WARN_ENUM_CONVERSION = YES;
				CLANG_WARN_INT_CONVERSION = YES;
				CLANG_WARN_OBJC_ROOT_CLASS = YES_ERROR;
				CLANG_WARN_UNREACHABLE_CODE = YES;
				CLANG_WARN__DUPLICATE_METHOD_MATCH = YES;
				"CODE_SIGN_IDENTITY[sdk=iphoneos*]" = "iPhone Developer";
				COPY_PHASE_STRIP = NO;
				ENABLE_STRICT_OBJC_MSGSEND = YES;
				GCC_C_LANGUAGE_STANDARD = gnu99;
				GCC_DYNAMIC_NO_PIC = NO;
				GCC_OPTIMIZATION_LEVEL = 0;
				GCC_PREPROCESSOR_DEFINITIONS = (
					"DEBUG=1",
					"$(inherited)",
				);
				GCC_SYMBOLS_PRIVATE_EXTERN = NO;
				GCC_WARN_64_TO_32_BIT_CONVERSION = YES;
				GCC_WARN_ABOUT_RETURN_TYPE = YES_ERROR;
				GCC_WARN_UNDECLARED_SELECTOR = YES;
				GCC_WARN_UNINITIALIZED_AUTOS = YES_AGGRESSIVE;
				GCC_WARN_UNUSED_FUNCTION = YES;
				GCC_WARN_UNUSED_VARIABLE = YES;
				IPHONEOS_DEPLOYMENT_TARGET = 8.1;
				MTL_ENABLE_DEBUG_INFO = YES;
				ONLY_ACTIVE_ARCH = YES;
				SDKROOT = iphoneos;
			};
			name = Debug;
		};
		3B1B939A1AA5110100B2B1A0 /* Release */ = {
			isa = XCBuildConfiguration;
			buildSettings = {
				ALWAYS_SEARCH_USER_PATHS = NO;
				CLANG_CXX_LANGUAGE_STANDARD = "gnu++0x";
				CLANG_CXX_LIBRARY = "libc++";
				CLANG_ENABLE_MODULES = YES;
				CLANG_ENABLE_OBJC_ARC = YES;
				CLANG_WARN_BOOL_CONVERSION = YES;
				CLANG_WARN_CONSTANT_CONVERSION = YES;
				CLANG_WARN_DIRECT_OBJC_ISA_USAGE = YES_ERROR;
				CLANG_WARN_EMPTY_BODY = YES;
				CLANG_WARN_ENUM_CONVERSION = YES;
				CLANG_WARN_INT_CONVERSION = YES;
				CLANG_WARN_OBJC_ROOT_CLASS = YES_ERROR;
				CLANG_WARN_UNREACHABLE_CODE = YES;
				CLANG_WARN__DUPLICATE_METHOD_MATCH = YES;
				"CODE_SIGN_IDENTITY[sdk=iphoneos*]" = "iPhone Developer";
				COPY_PHASE_STRIP = YES;
				ENABLE_NS_ASSERTIONS = NO;
				ENABLE_STRICT_OBJC_MSGSEND = YES;
				GCC_C_LANGUAGE_STANDARD = gnu99;
				GCC_WARN_64_TO_32_BIT_CONVERSION = YES;
				GCC_WARN_ABOUT_RETURN_TYPE = YES_ERROR;
				GCC_WARN_UNDECLARED_SELECTOR = YES;
				GCC_WARN_UNINITIALIZED_AUTOS = YES_AGGRESSIVE;
				GCC_WARN_UNUSED_FUNCTION = YES;
				GCC_WARN_UNUSED_VARIABLE = YES;
				IPHONEOS_DEPLOYMENT_TARGET = 8.1;
				MTL_ENABLE_DEBUG_INFO = NO;
				SDKROOT = iphoneos;
				VALIDATE_PRODUCT = YES;
			};
			name = Release;
		};
		3B1B939C1AA5110100B2B1A0 /* Debug */ = {
			isa = XCBuildConfiguration;
			buildSettings = {
				ASSETCATALOG_COMPILER_APPICON_NAME = AppIcon;
				INFOPLIST_FILE = Align/Info.plist;
				LD_RUNPATH_SEARCH_PATHS = "$(inherited) @executable_path/Frameworks";
				PRODUCT_NAME = "$(TARGET_NAME)";
			};
			name = Debug;
		};
		3B1B939D1AA5110100B2B1A0 /* Release */ = {
			isa = XCBuildConfiguration;
			buildSettings = {
				ASSETCATALOG_COMPILER_APPICON_NAME = AppIcon;
				INFOPLIST_FILE = Align/Info.plist;
				LD_RUNPATH_SEARCH_PATHS = "$(inherited) @executable_path/Frameworks";
				PRODUCT_NAME = "$(TARGET_NAME)";
			};
			name = Release;
		};
		3B1B939F1AA5110100B2B1A0 /* Debug */ = {
			isa = XCBuildConfiguration;
			buildSettings = {
				BUNDLE_LOADER = "$(TEST_HOST)";
				FRAMEWORK_SEARCH_PATHS = (
					"$(SDKROOT)/Developer/Library/Frameworks",
					"$(inherited)",
				);
				GCC_PREPROCESSOR_DEFINITIONS = (
					"DEBUG=1",
					"$(inherited)",
				);
				INFOPLIST_FILE = AlignTests/Info.plist;
				LD_RUNPATH_SEARCH_PATHS = "$(inherited) @executable_path/Frameworks @loader_path/Frameworks";
				PRODUCT_NAME = "$(TARGET_NAME)";
				TEST_HOST = "$(BUILT_PRODUCTS_DIR)/Align.app/Align";
			};
			name = Debug;
		};
		3B1B93A01AA5110100B2B1A0 /* Release */ = {
			isa = XCBuildConfiguration;
			buildSettings = {
				BUNDLE_LOADER = "$(TEST_HOST)";
				FRAMEWORK_SEARCH_PATHS = (
					"$(SDKROOT)/Developer/Library/Frameworks",
					"$(inherited)",
				);
				INFOPLIST_FILE = AlignTests/Info.plist;
				LD_RUNPATH_SEARCH_PATHS = "$(inherited) @executable_path/Frameworks @loader_path/Frameworks";
				PRODUCT_NAME = "$(TARGET_NAME)";
				TEST_HOST = "$(BUILT_PRODUCTS_DIR)/Align.app/Align";
			};
			name = Release;
		};
/* End XCBuildConfiguration section */

/* Begin XCConfigurationList section */
		3B1B93731AA5110100B2B1A0 /* Build configuration list for PBXProject "Align" */ = {
			isa = XCConfigurationList;
			buildConfigurations = (
				3B1B93991AA5110100B2B1A0 /* Debug */,
				3B1B939A1AA5110100B2B1A0 /* Release */,
			);
			defaultConfigurationIsVisible = 0;
			defaultConfigurationName = Release;
		};
		3B1B939B1AA5110100B2B1A0 /* Build configuration list for PBXNativeTarget "Align" */ = {
			isa = XCConfigurationList;
			buildConfigurations = (
				3B1B939C1AA5110100B2B1A0 /* Debug */,
				3B1B939D1AA5110100B2B1A0 /* Release */,
			);
			defaultConfigurationIsVisible = 0;
			defaultConfigurationName = Release;
		};
		3B1B939E1AA5110100B2B1A0 /* Build configuration list for PBXNativeTarget "AlignTests" */ = {
			isa = XCConfigurationList;
			buildConfigurations = (
				3B1B939F1AA5110100B2B1A0 /* Debug */,
				3B1B93A01AA5110100B2B1A0 /* Release */,
			);
			defaultConfigurationIsVisible = 0;
			defaultConfigurationName = Release;
		};
/* End XCConfigurationList section */
	};
	rootObject = 3B1B93701AA5110100B2B1A0 /* Project object */;
}
